
Microsoft Visual Studio Solution File, Format Version 12.00
# Visual Studio 15
VisualStudioVersion = 15.0.27703.2047
MinimumVisualStudioVersion = 10.0.40219.1
Project("{FAE04EC0-301F-11D3-BF4B-00C04F79EFBC}") = "ReputationManager", "ReputationManager.csproj", "{8C129B81-C082-4D7D-AD5C-FFFB2672C2A9}"
EndProject
Global
	GlobalSection(SolutionConfigurationPlatforms) = preSolution
		Debug|Any CPU = Debug|Any CPU
		Release|Any CPU = Release|Any CPU
	EndGlobalSection
	GlobalSection(ProjectConfigurationPlatforms) = postSolution
		{8C129B81-C082-4D7D-AD5C-FFFB2672C2A9}.Debug|Any CPU.ActiveCfg = Debug|Any CPU
		{8C129B81-C082-4D7D-AD5C-FFFB2672C2A9}.Debug|Any CPU.Build.0 = Debug|Any CPU
		{8C129B81-C082-4D7D-AD5C-FFFB2672C2A9}.Release|Any CPU.ActiveCfg = Release|Any CPU
		{8C129B81-C082-4D7D-AD5C-FFFB2672C2A9}.Release|Any CPU.Build.0 = Release|Any CPU
	EndGlobalSection
	GlobalSection(SolutionProperties) = preSolution
		HideSolutionNode = FALSE
	EndGlobalSection
	GlobalSection(ExtensibilityGlobals) = postSolution
		SolutionGuid = {FDA07707-7A79-4CD5-BFF6-9A90A6C477FB}
	EndGlobalSection
EndGlobal
